
Microsoft Visual Studio Solution File, Format Version 12.00
Project("{FAE04EC0-301F-11D3-BF4B-00C04F79EFBC}") = "BrainfuckToAsm", "BrainfuckToAsm\BrainfuckToAsm.csproj", "{7F200BAF-8CE4-4A63-9A05-D6119AC287A2}"
EndProject
Global
	GlobalSection(SolutionConfigurationPlatforms) = preSolution
		Debug|Any CPU = Debug|Any CPU
		Release|Any CPU = Release|Any CPU
	EndGlobalSection
	GlobalSection(ProjectConfigurationPlatforms) = postSolution
		{7F200BAF-8CE4-4A63-9A05-D6119AC287A2}.Debug|Any CPU.ActiveCfg = Debug|Any CPU
		{7F200BAF-8CE4-4A63-9A05-D6119AC287A2}.Debug|Any CPU.Build.0 = Debug|Any CPU
		{7F200BAF-8CE4-4A63-9A05-D6119AC287A2}.Release|Any CPU.ActiveCfg = Release|Any CPU
		{7F200BAF-8CE4-4A63-9A05-D6119AC287A2}.Release|Any CPU.Build.0 = Release|Any CPU
	EndGlobalSection
EndGlobal
